{
  "requires": true,
  "lockfileVersion": 1,
  "dependencies": {
    "@composi/core": {
      "version": "1.6.0",
      "resolved": "https://registry.npmjs.org/@composi/core/-/core-1.6.0.tgz",
      "integrity": "sha512-l3VQwmmEY527erDdzLuR/mV9WZ/j7lfpW+Qu80ZLPZzLX/RzoDM8ig4e3xqiIhehxVq4ZeWyjMWwgyc7ATfYfw==",
      "dev": true,
      "requires": {
        "@composi/merge-objects": "^1.2.3"
      }
    },
    "@composi/merge-objects": {
      "version": "1.2.3",
      "resolved": "https://registry.npmjs.org/@composi/merge-objects/-/merge-objects-1.2.3.tgz",
      "integrity": "sha512-3HIPqyrqlcjTs+frDFLfDUJzr4XqGwGVQ5a/Y4btg8A8IM1NDA3lT2II0/DojJRQQh+Wmq/952WGkrxu7xCOPA=="
    }
  }
}
